
Microsoft Visual Studio Solution File, Format Version 12.00
# Visual Studio Version 16
VisualStudioVersion = 16.0.29411.108
MinimumVisualStudioVersion = 10.0.40219.1
Project("{FAE04EC0-301F-11D3-BF4B-00C04F79EFBC}") = "BrotWPF", "BrotWPF\BrotWPF.csproj", "{7C10E360-A4DE-4687-B757-5E4495E4C66F}"
EndProject
Global
	GlobalSection(SolutionConfigurationPlatforms) = preSolution
		Debug|Any CPU = Debug|Any CPU
		Release|Any CPU = Release|Any CPU
	EndGlobalSection
	GlobalSection(ProjectConfigurationPlatforms) = postSolution
		{7C10E360-A4DE-4687-B757-5E4495E4C66F}.Debug|Any CPU.ActiveCfg = Debug|Any CPU
		{7C10E360-A4DE-4687-B757-5E4495E4C66F}.Debug|Any CPU.Build.0 = Debug|Any CPU
		{7C10E360-A4DE-4687-B757-5E4495E4C66F}.Release|Any CPU.ActiveCfg = Release|Any CPU
		{7C10E360-A4DE-4687-B757-5E4495E4C66F}.Release|Any CPU.Build.0 = Release|Any CPU
	EndGlobalSection
	GlobalSection(SolutionProperties) = preSolution
		HideSolutionNode = FALSE
	EndGlobalSection
	GlobalSection(ExtensibilityGlobals) = postSolution
		SolutionGuid = {91F4476E-FCF6-4D03-92F2-92ADDA88F5D3}
	EndGlobalSection
EndGlobal
